# THIS IS AN AUTOGENERATED FILE. DO NOT EDIT THIS FILE DIRECTLY.
# yarn lockfile v1


"@escook/request-miniprogram@^0.2.1":
  version "0.2.1"
  resolved "https://registry.npm.taobao.org/@escook/request-miniprogram/download/@escook/request-miniprogram-0.2.1.tgz#c3b13249f5a94601f2949f4d68245df9a5683819"
  integrity sha1-w7EySfWpRgHylJ9NaCRd+aVoOBk=
